// !$*UTF8*$!
{
	archiveVersion = 1;
	classes = {
	};
	objectVersion = 46;
	objects = {

/* Begin PBXBuildFile section */
		F03E8DC21D20C171003A77A8 /* SlackTextViewController.framework in Frameworks */ = {isa = PBXBuildFile; fileRef = F03E8DC11D20C171003A77A8 /* SlackTextViewController.framework */; };
		F03E8DC31D20C171003A77A8 /* SlackTextViewController.framework in Embed Frameworks */ = {isa = PBXBuildFile; fileRef = F03E8DC11D20C171003A77A8 /* SlackTextViewController.framework */; settings = {ATTRIBUTES = (CodeSignOnCopy, RemoveHeadersOnCopy, ); }; };
		F04BACD61D08F832009875FC /* AppDelegate.swift in Sources */ = {isa = PBXBuildFile; fileRef = F04BACD51D08F832009875FC /* AppDelegate.swift */; };
		F04BACED1D08FBF9009875FC /* LoginViewController.swift in Sources */ = {isa = PBXBuildFile; fileRef = F04BACEC1D08FBF9009875FC /* LoginViewController.swift */; };
		F04BACF71D092689009875FC /* PhoneNumberKit.framework in Frameworks */ = {isa = PBXBuildFile; fileRef = F04BACF01D0924DF009875FC /* PhoneNumberKit.framework */; };
		F04BACF81D092689009875FC /* PhoneNumberKit.framework in Embed Frameworks */ = {isa = PBXBuildFile; fileRef = F04BACF01D0924DF009875FC /* PhoneNumberKit.framework */; settings = {ATTRIBUTES = (CodeSignOnCopy, RemoveHeadersOnCopy, ); }; };
		F061EBE21D11183F00CC37E9 /* NewGroupViewController.swift in Sources */ = {isa = PBXBuildFile; fileRef = F061EBE11D11183F00CC37E9 /* NewGroupViewController.swift */; };
		F06B5E6A1D1389E10048CAFF /* AddMembersViewController.swift in Sources */ = {isa = PBXBuildFile; fileRef = F06B5E691D1389E10048CAFF /* AddMembersViewController.swift */; };
		F07796981D262531000AD97A /* anonme.png in Resources */ = {isa = PBXBuildFile; fileRef = F07796971D262531000AD97A /* anonme.png */; };
		F085C2171D0F99BA0015C49D /* VerificationViewController.swift in Sources */ = {isa = PBXBuildFile; fileRef = F085C2161D0F99BA0015C49D /* VerificationViewController.swift */; };
		F085C2191D0FB6840015C49D /* MessagesViewController.swift in Sources */ = {isa = PBXBuildFile; fileRef = F085C2181D0FB6840015C49D /* MessagesViewController.swift */; };
		F0914A761D0D18DF00CF4340 /* ParseUI.framework in Frameworks */ = {isa = PBXBuildFile; fileRef = F0914A701D0D18DF00CF4340 /* ParseUI.framework */; };
		F0914A771D0D18DF00CF4340 /* ParseTwitterUtils.framework in Frameworks */ = {isa = PBXBuildFile; fileRef = F0914A711D0D18DF00CF4340 /* ParseTwitterUtils.framework */; };
		F0914A781D0D18DF00CF4340 /* ParseFacebookUtilsV4.framework in Frameworks */ = {isa = PBXBuildFile; fileRef = F0914A721D0D18DF00CF4340 /* ParseFacebookUtilsV4.framework */; };
		F0914A791D0D18DF00CF4340 /* ParseFacebookUtils.framework in Frameworks */ = {isa = PBXBuildFile; fileRef = F0914A731D0D18DF00CF4340 /* ParseFacebookUtils.framework */; };
		F0914A7A1D0D18DF00CF4340 /* Parse.framework in Frameworks */ = {isa = PBXBuildFile; fileRef = F0914A741D0D18DF00CF4340 /* Parse.framework */; };
		F0914A7B1D0D18DF00CF4340 /* Bolts.framework in Frameworks */ = {isa = PBXBuildFile; fileRef = F0914A751D0D18DF00CF4340 /* Bolts.framework */; };
		F0914A7D1D0D206100CF4340 /* AudioToolbox.framework in Frameworks */ = {isa = PBXBuildFile; fileRef = F0914A7C1D0D206100CF4340 /* AudioToolbox.framework */; };
		F0914A7F1D0D206700CF4340 /* CFNetwork.framework in Frameworks */ = {isa = PBXBuildFile; fileRef = F0914A7E1D0D206700CF4340 /* CFNetwork.framework */; };
		F0914A811D0D206D00CF4340 /* CoreGraphics.framework in Frameworks */ = {isa = PBXBuildFile; fileRef = F0914A801D0D206D00CF4340 /* CoreGraphics.framework */; };
		F0914A831D0D207200CF4340 /* CoreLocation.framework in Frameworks */ = {isa = PBXBuildFile; fileRef = F0914A821D0D207200CF4340 /* CoreLocation.framework */; };
		F0914A851D0D207800CF4340 /* QuartzCore.framework in Frameworks */ = {isa = PBXBuildFile; fileRef = F0914A841D0D207800CF4340 /* QuartzCore.framework */; };
		F0914A871D0D207E00CF4340 /* Security.framework in Frameworks */ = {isa = PBXBuildFile; fileRef = F0914A861D0D207E00CF4340 /* Security.framework */; };
		F0914A891D0D208400CF4340 /* StoreKit.framework in Frameworks */ = {isa = PBXBuildFile; fileRef = F0914A881D0D208400CF4340 /* StoreKit.framework */; };
		F0914A8B1D0D208A00CF4340 /* SystemConfiguration.framework in Frameworks */ = {isa = PBXBuildFile; fileRef = F0914A8A1D0D208A00CF4340 /* SystemConfiguration.framework */; };
		F0914A8D1D0D209300CF4340 /* libz.tbd in Frameworks */ = {isa = PBXBuildFile; fileRef = F0914A8C1D0D209300CF4340 /* libz.tbd */; };
		F0914A8F1D0D209D00CF4340 /* libsqlite3.tbd in Frameworks */ = {isa = PBXBuildFile; fileRef = F0914A8E1D0D209D00CF4340 /* libsqlite3.tbd */; };
		F093B2291D25EEAD008DE84A /* DefaultUserLarge.png in Resources */ = {isa = PBXBuildFile; fileRef = F093B2281D25EEAD008DE84A /* DefaultUserLarge.png */; };
		F098FFAC1D10CFBA00CCCAA3 /* SlideMenuControllerSwift.framework in Frameworks */ = {isa = PBXBuildFile; fileRef = F098FFAB1D10CFBA00CCCAA3 /* SlideMenuControllerSwift.framework */; };
		F098FFAD1D10CFBA00CCCAA3 /* SlideMenuControllerSwift.framework in Embed Frameworks */ = {isa = PBXBuildFile; fileRef = F098FFAB1D10CFBA00CCCAA3 /* SlideMenuControllerSwift.framework */; settings = {ATTRIBUTES = (CodeSignOnCopy, RemoveHeadersOnCopy, ); }; };
		F098FFAF1D10D3EA00CCCAA3 /* GroupsViewController.swift in Sources */ = {isa = PBXBuildFile; fileRef = F098FFAE1D10D3EA00CCCAA3 /* GroupsViewController.swift */; };
		F098FFB11D10D41400CCCAA3 /* MembersViewController.swift in Sources */ = {isa = PBXBuildFile; fileRef = F098FFB01D10D41400CCCAA3 /* MembersViewController.swift */; };
		F09CFEC61D275C7500C8A0CF /* Images.xcassets in Resources */ = {isa = PBXBuildFile; fileRef = F09CFEC51D275C7500C8A0CF /* Images.xcassets */; };
		F09CFECE1D275CF900C8A0CF /* Default-568h@2x.png in Resources */ = {isa = PBXBuildFile; fileRef = F09CFEC91D275CF900C8A0CF /* Default-568h@2x.png */; };
		F09CFECF1D275CF900C8A0CF /* Default-667h@2x.png in Resources */ = {isa = PBXBuildFile; fileRef = F09CFECA1D275CF900C8A0CF /* Default-667h@2x.png */; };
		F09CFED01D275CF900C8A0CF /* Default-Landscape-736h@3x.png in Resources */ = {isa = PBXBuildFile; fileRef = F09CFECB1D275CF900C8A0CF /* Default-Landscape-736h@3x.png */; };
		F09CFED11D275CF900C8A0CF /* Default-Portrait-736h@3x.png in Resources */ = {isa = PBXBuildFile; fileRef = F09CFECC1D275CF900C8A0CF /* Default-Portrait-736h@3x.png */; };
		F09CFED21D275CF900C8A0CF /* Default@2x.png in Resources */ = {isa = PBXBuildFile; fileRef = F09CFECD1D275CF900C8A0CF /* Default@2x.png */; };
		F09CFEF21D275D0900C8A0CF /* Icon-App@2x.png in Resources */ = {isa = PBXBuildFile; fileRef = F09CFED71D275D0900C8A0CF /* Icon-App@2x.png */; };
		F09CFEF31D275D0900C8A0CF /* Icon-App@3x.png in Resources */ = {isa = PBXBuildFile; fileRef = F09CFED81D275D0900C8A0CF /* Icon-App@3x.png */; };
		F09CFEF51D275D0900C8A0CF /* Icon-Settings@2x.png in Resources */ = {isa = PBXBuildFile; fileRef = F09CFEDA1D275D0900C8A0CF /* Icon-Settings@2x.png */; };
		F09CFEF61D275D0900C8A0CF /* Icon-Settings@3x.png in Resources */ = {isa = PBXBuildFile; fileRef = F09CFEDB1D275D0900C8A0CF /* Icon-Settings@3x.png */; };
		F09CFEF71D275D0900C8A0CF /* Icon-Spotlight-iPhone-4-5.png in Resources */ = {isa = PBXBuildFile; fileRef = F09CFEDC1D275D0900C8A0CF /* Icon-Spotlight-iPhone-4-5.png */; };
		F0F885991D24CC8700C45C31 /* DefaultCell.png in Resources */ = {isa = PBXBuildFile; fileRef = F0F885971D24CC8700C45C31 /* DefaultCell.png */; };
		F0F8859A1D24CC8700C45C31 /* DefaultUser.png in Resources */ = {isa = PBXBuildFile; fileRef = F0F885981D24CC8700C45C31 /* DefaultUser.png */; };
		F0F8859C1D24DE2700C45C31 /* GroupIcon.png in Resources */ = {isa = PBXBuildFile; fileRef = F0F8859B1D24DE2700C45C31 /* GroupIcon.png */; };
		F0F8859E1D24E00200C45C31 /* UserIcon.png in Resources */ = {isa = PBXBuildFile; fileRef = F0F8859D1D24E00200C45C31 /* UserIcon.png */; };
/* End PBXBuildFile section */

/* Begin PBXCopyFilesBuildPhase section */
		F04BACF91D092689009875FC /* Embed Frameworks */ = {
			isa = PBXCopyFilesBuildPhase;
			buildActionMask = 2147483647;
			dstPath = "";
			dstSubfolderSpec = 10;
			files = (
				F03E8DC31D20C171003A77A8 /* SlackTextViewController.framework in Embed Frameworks */,
				F04BACF81D092689009875FC /* PhoneNumberKit.framework in Embed Frameworks */,
				F098FFAD1D10CFBA00CCCAA3 /* SlideMenuControllerSwift.framework in Embed Frameworks */,
			);
			name = "Embed Frameworks";
			runOnlyForDeploymentPostprocessing = 0;
		};
/* End PBXCopyFilesBuildPhase section */

/* Begin PBXFileReference section */
		F03E8DC11D20C171003A77A8 /* SlackTextViewController.framework */ = {isa = PBXFileReference; lastKnownFileType = wrapper.framework; name = SlackTextViewController.framework; path = Frameworks/SlackTextViewController.framework; sourceTree = "<group>"; };
		F04BACD21D08F832009875FC /* Incognito.app */ = {isa = PBXFileReference; explicitFileType = wrapper.application; includeInIndex = 0; path = Incognito.app; sourceTree = BUILT_PRODUCTS_DIR; };
		F04BACD51D08F832009875FC /* AppDelegate.swift */ = {isa = PBXFileReference; lastKnownFileType = sourcecode.swift; path = AppDelegate.swift; sourceTree = "<group>"; };
		F04BACE41D08F832009875FC /* Info.plist */ = {isa = PBXFileReference; lastKnownFileType = text.plist.xml; path = Info.plist; sourceTree = "<group>"; };
		F04BACEC1D08FBF9009875FC /* LoginViewController.swift */ = {isa = PBXFileReference; fileEncoding = 4; lastKnownFileType = sourcecode.swift; path = LoginViewController.swift; sourceTree = "<group>"; };
		F04BACF01D0924DF009875FC /* PhoneNumberKit.framework */ = {isa = PBXFileReference; lastKnownFileType = wrapper.framework; name = PhoneNumberKit.framework; path = Frameworks/PhoneNumberKit.framework; sourceTree = "<group>"; };
		F061EBE11D11183F00CC37E9 /* NewGroupViewController.swift */ = {isa = PBXFileReference; fileEncoding = 4; lastKnownFileType = sourcecode.swift; path = NewGroupViewController.swift; sourceTree = "<group>"; };
		F06B5E691D1389E10048CAFF /* AddMembersViewController.swift */ = {isa = PBXFileReference; fileEncoding = 4; lastKnownFileType = sourcecode.swift; path = AddMembersViewController.swift; sourceTree = "<group>"; };
		F07796971D262531000AD97A /* anonme.png */ = {isa = PBXFileReference; lastKnownFileType = image.png; name = anonme.png; path = Images/anonme.png; sourceTree = "<group>"; };
		F085C2161D0F99BA0015C49D /* VerificationViewController.swift */ = {isa = PBXFileReference; fileEncoding = 4; lastKnownFileType = sourcecode.swift; path = VerificationViewController.swift; sourceTree = "<group>"; };
		F085C2181D0FB6840015C49D /* MessagesViewController.swift */ = {isa = PBXFileReference; fileEncoding = 4; lastKnownFileType = sourcecode.swift; path = MessagesViewController.swift; sourceTree = "<group>"; };
		F0914A701D0D18DF00CF4340 /* ParseUI.framework */ = {isa = PBXFileReference; lastKnownFileType = wrapper.framework; name = ParseUI.framework; path = Frameworks/ParseUI.framework; sourceTree = "<group>"; };
		F0914A711D0D18DF00CF4340 /* ParseTwitterUtils.framework */ = {isa = PBXFileReference; lastKnownFileType = wrapper.framework; name = ParseTwitterUtils.framework; path = Frameworks/ParseTwitterUtils.framework; sourceTree = "<group>"; };
		F0914A721D0D18DF00CF4340 /* ParseFacebookUtilsV4.framework */ = {isa = PBXFileReference; lastKnownFileType = wrapper.framework; name = ParseFacebookUtilsV4.framework; path = Frameworks/ParseFacebookUtilsV4.framework; sourceTree = "<group>"; };
		F0914A731D0D18DF00CF4340 /* ParseFacebookUtils.framework */ = {isa = PBXFileReference; lastKnownFileType = wrapper.framework; name = ParseFacebookUtils.framework; path = Frameworks/ParseFacebookUtils.framework; sourceTree = "<group>"; };
		F0914A741D0D18DF00CF4340 /* Parse.framework */ = {isa = PBXFileReference; lastKnownFileType = wrapper.framework; name = Parse.framework; path = Frameworks/Parse.framework; sourceTree = "<group>"; };
		F0914A751D0D18DF00CF4340 /* Bolts.framework */ = {isa = PBXFileReference; lastKnownFileType = wrapper.framework; name = Bolts.framework; path = Frameworks/Bolts.framework; sourceTree = "<group>"; };
		F0914A7C1D0D206100CF4340 /* AudioToolbox.framework */ = {isa = PBXFileReference; lastKnownFileType = wrapper.framework; name = AudioToolbox.framework; path = System/Library/Frameworks/AudioToolbox.framework; sourceTree = SDKROOT; };
		F0914A7E1D0D206700CF4340 /* CFNetwork.framework */ = {isa = PBXFileReference; lastKnownFileType = wrapper.framework; name = CFNetwork.framework; path = System/Library/Frameworks/CFNetwork.framework; sourceTree = SDKROOT; };
		F0914A801D0D206D00CF4340 /* CoreGraphics.framework */ = {isa = PBXFileReference; lastKnownFileType = wrapper.framework; name = CoreGraphics.framework; path = System/Library/Frameworks/CoreGraphics.framework; sourceTree = SDKROOT; };
		F0914A821D0D207200CF4340 /* CoreLocation.framework */ = {isa = PBXFileReference; lastKnownFileType = wrapper.framework; name = CoreLocation.framework; path = System/Library/Frameworks/CoreLocation.framework; sourceTree = SDKROOT; };
		F0914A841D0D207800CF4340 /* QuartzCore.framework */ = {isa = PBXFileReference; lastKnownFileType = wrapper.framework; name = QuartzCore.framework; path = System/Library/Frameworks/QuartzCore.framework; sourceTree = SDKROOT; };
		F0914A861D0D207E00CF4340 /* Security.framework */ = {isa = PBXFileReference; lastKnownFileType = wrapper.framework; name = Security.framework; path = System/Library/Frameworks/Security.framework; sourceTree = SDKROOT; };
		F0914A881D0D208400CF4340 /* StoreKit.framework */ = {isa = PBXFileReference; lastKnownFileType = wrapper.framework; name = StoreKit.framework; path = System/Library/Frameworks/StoreKit.framework; sourceTree = SDKROOT; };
		F0914A8A1D0D208A00CF4340 /* SystemConfiguration.framework */ = {isa = PBXFileReference; lastKnownFileType = wrapper.framework; name = SystemConfiguration.framework; path = System/Library/Frameworks/SystemConfiguration.framework; sourceTree = SDKROOT; };
		F0914A8C1D0D209300CF4340 /* libz.tbd */ = {isa = PBXFileReference; lastKnownFileType = "sourcecode.text-based-dylib-definition"; name = libz.tbd; path = usr/lib/libz.tbd; sourceTree = SDKROOT; };
		F0914A8E1D0D209D00CF4340 /* libsqlite3.tbd */ = {isa = PBXFileReference; lastKnownFileType = "sourcecode.text-based-dylib-definition"; name = libsqlite3.tbd; path = usr/lib/libsqlite3.tbd; sourceTree = SDKROOT; };
		F093B2281D25EEAD008DE84A /* DefaultUserLarge.png */ = {isa = PBXFileReference; lastKnownFileType = image.png; name = DefaultUserLarge.png; path = Images/DefaultUserLarge.png; sourceTree = "<group>"; };
		F098FFAB1D10CFBA00CCCAA3 /* SlideMenuControllerSwift.framework */ = {isa = PBXFileReference; lastKnownFileType = wrapper.framework; name = SlideMenuControllerSwift.framework; path = Frameworks/SlideMenuControllerSwift.framework; sourceTree = "<group>"; };
		F098FFAE1D10D3EA00CCCAA3 /* GroupsViewController.swift */ = {isa = PBXFileReference; fileEncoding = 4; lastKnownFileType = sourcecode.swift; path = GroupsViewController.swift; sourceTree = "<group>"; };
		F098FFB01D10D41400CCCAA3 /* MembersViewController.swift */ = {isa = PBXFileReference; fileEncoding = 4; lastKnownFileType = sourcecode.swift; path = MembersViewController.swift; sourceTree = "<group>"; };
		F09CFEC51D275C7500C8A0CF /* Images.xcassets */ = {isa = PBXFileReference; lastKnownFileType = folder.assetcatalog; path = Images.xcassets; sourceTree = "<group>"; };
		F09CFEC91D275CF900C8A0CF /* Default-568h@2x.png */ = {isa = PBXFileReference; lastKnownFileType = image.png; name = "Default-568h@2x.png"; path = "Images/Splash/Default-568h@2x.png"; sourceTree = "<group>"; };
		F09CFECA1D275CF900C8A0CF /* Default-667h@2x.png */ = {isa = PBXFileReference; lastKnownFileType = image.png; name = "Default-667h@2x.png"; path = "Images/Splash/Default-667h@2x.png"; sourceTree = "<group>"; };
		F09CFECB1D275CF900C8A0CF /* Default-Landscape-736h@3x.png */ = {isa = PBXFileReference; lastKnownFileType = image.png; name = "Default-Landscape-736h@3x.png"; path = "Images/Splash/Default-Landscape-736h@3x.png"; sourceTree = "<group>"; };
		F09CFECC1D275CF900C8A0CF /* Default-Portrait-736h@3x.png */ = {isa = PBXFileReference; lastKnownFileType = image.png; name = "Default-Portrait-736h@3x.png"; path = "Images/Splash/Default-Portrait-736h@3x.png"; sourceTree = "<group>"; };
		F09CFECD1D275CF900C8A0CF /* Default@2x.png */ = {isa = PBXFileReference; lastKnownFileType = image.png; name = "Default@2x.png"; path = "Images/Splash/Default@2x.png"; sourceTree = "<group>"; };
		F09CFED71D275D0900C8A0CF /* Icon-App@2x.png */ = {isa = PBXFileReference; lastKnownFileType = image.png; name = "Icon-App@2x.png"; path = "Images/Icon/Icon-App@2x.png"; sourceTree = "<group>"; };
		F09CFED81D275D0900C8A0CF /* Icon-App@3x.png */ = {isa = PBXFileReference; lastKnownFileType = image.png; name = "Icon-App@3x.png"; path = "Images/Icon/Icon-App@3x.png"; sourceTree = "<group>"; };
		F09CFEDA1D275D0900C8A0CF /* Icon-Settings@2x.png */ = {isa = PBXFileReference; lastKnownFileType = image.png; name = "Icon-Settings@2x.png"; path = "Images/Icon/Icon-Settings@2x.png"; sourceTree = "<group>"; };
		F09CFEDB1D275D0900C8A0CF /* Icon-Settings@3x.png */ = {isa = PBXFileReference; lastKnownFileType = image.png; name = "Icon-Settings@3x.png"; path = "Images/Icon/Icon-Settings@3x.png"; sourceTree = "<group>"; };
		F09CFEDC1D275D0900C8A0CF /* Icon-Spotlight-iPhone-4-5.png */ = {isa = PBXFileReference; lastKnownFileType = image.png; name = "Icon-Spotlight-iPhone-4-5.png"; path = "Images/Icon/Icon-Spotlight-iPhone-4-5.png"; sourceTree = "<group>"; };
		F0F885971D24CC8700C45C31 /* DefaultCell.png */ = {isa = PBXFileReference; lastKnownFileType = image.png; name = DefaultCell.png; path = Images/DefaultCell.png; sourceTree = "<group>"; };
		F0F885981D24CC8700C45C31 /* DefaultUser.png */ = {isa = PBXFileReference; lastKnownFileType = image.png; name = DefaultUser.png; path = Images/DefaultUser.png; sourceTree = "<group>"; };
		F0F8859B1D24DE2700C45C31 /* GroupIcon.png */ = {isa = PBXFileReference; lastKnownFileType = image.png; name = GroupIcon.png; path = Images/GroupIcon.png; sourceTree = "<group>"; };
		F0F8859D1D24E00200C45C31 /* UserIcon.png */ = {isa = PBXFileReference; lastKnownFileType = image.png; name = UserIcon.png; path = Images/UserIcon.png; sourceTree = SOURCE_ROOT; };
/* End PBXFileReference section */

/* Begin PBXFrameworksBuildPhase section */
		F04BACCF1D08F832009875FC /* Frameworks */ = {
			isa = PBXFrameworksBuildPhase;
			buildActionMask = 2147483647;
			files = (
				F0914A8F1D0D209D00CF4340 /* libsqlite3.tbd in Frameworks */,
				F0914A8D1D0D209300CF4340 /* libz.tbd in Frameworks */,
				F0914A8B1D0D208A00CF4340 /* SystemConfiguration.framework in Frameworks */,
				F0914A891D0D208400CF4340 /* StoreKit.framework in Frameworks */,
				F0914A871D0D207E00CF4340 /* Security.framework in Frameworks */,
				F0914A851D0D207800CF4340 /* QuartzCore.framework in Frameworks */,
				F0914A831D0D207200CF4340 /* CoreLocation.framework in Frameworks */,
				F0914A811D0D206D00CF4340 /* CoreGraphics.framework in Frameworks */,
				F0914A7F1D0D206700CF4340 /* CFNetwork.framework in Frameworks */,
				F0914A7D1D0D206100CF4340 /* AudioToolbox.framework in Frameworks */,
				F03E8DC21D20C171003A77A8 /* SlackTextViewController.framework in Frameworks */,
				F0914A761D0D18DF00CF4340 /* ParseUI.framework in Frameworks */,
				F0914A771D0D18DF00CF4340 /* ParseTwitterUtils.framework in Frameworks */,
				F0914A781D0D18DF00CF4340 /* ParseFacebookUtilsV4.framework in Frameworks */,
				F0914A791D0D18DF00CF4340 /* ParseFacebookUtils.framework in Frameworks */,
				F0914A7A1D0D18DF00CF4340 /* Parse.framework in Frameworks */,
				F098FFAC1D10CFBA00CCCAA3 /* SlideMenuControllerSwift.framework in Frameworks */,
				F04BACF71D092689009875FC /* PhoneNumberKit.framework in Frameworks */,
				F0914A7B1D0D18DF00CF4340 /* Bolts.framework in Frameworks */,
			);
			runOnlyForDeploymentPostprocessing = 0;
		};
/* End PBXFrameworksBuildPhase section */

/* Begin PBXGroup section */
		F04BACC91D08F832009875FC = {
			isa = PBXGroup;
			children = (
				F04BACF31D092523009875FC /* Images */,
				F04BACF21D0924E8009875FC /* Frameworks */,
				F04BACD41D08F832009875FC /* Incognito */,
				F04BACD31D08F832009875FC /* Products */,
			);
			sourceTree = "<group>";
		};
		F04BACD31D08F832009875FC /* Products */ = {
			isa = PBXGroup;
			children = (
				F04BACD21D08F832009875FC /* Incognito.app */,
			);
			name = Products;
			sourceTree = "<group>";
		};
		F04BACD41D08F832009875FC /* Incognito */ = {
			isa = PBXGroup;
			children = (
				F04BACD51D08F832009875FC /* AppDelegate.swift */,
				F04BACE41D08F832009875FC /* Info.plist */,
				F04BACEC1D08FBF9009875FC /* LoginViewController.swift */,
				F085C2161D0F99BA0015C49D /* VerificationViewController.swift */,
				F085C2181D0FB6840015C49D /* MessagesViewController.swift */,
				F098FFAE1D10D3EA00CCCAA3 /* GroupsViewController.swift */,
				F098FFB01D10D41400CCCAA3 /* MembersViewController.swift */,
				F061EBE11D11183F00CC37E9 /* NewGroupViewController.swift */,
				F06B5E691D1389E10048CAFF /* AddMembersViewController.swift */,
				F09CFEC51D275C7500C8A0CF /* Images.xcassets */,
			);
			path = Incognito;
			sourceTree = "<group>";
		};
		F04BACF21D0924E8009875FC /* Frameworks */ = {
			isa = PBXGroup;
			children = (
				F0914A8E1D0D209D00CF4340 /* libsqlite3.tbd */,
				F0914A8C1D0D209300CF4340 /* libz.tbd */,
				F03E8DC11D20C171003A77A8 /* SlackTextViewController.framework */,
				F098FFAB1D10CFBA00CCCAA3 /* SlideMenuControllerSwift.framework */,
				F0914A8A1D0D208A00CF4340 /* SystemConfiguration.framework */,
				F0914A881D0D208400CF4340 /* StoreKit.framework */,
				F0914A861D0D207E00CF4340 /* Security.framework */,
				F0914A841D0D207800CF4340 /* QuartzCore.framework */,
				F0914A821D0D207200CF4340 /* CoreLocation.framework */,
				F0914A801D0D206D00CF4340 /* CoreGraphics.framework */,
				F0914A7E1D0D206700CF4340 /* CFNetwork.framework */,
				F0914A7C1D0D206100CF4340 /* AudioToolbox.framework */,
				F0914A701D0D18DF00CF4340 /* ParseUI.framework */,
				F0914A711D0D18DF00CF4340 /* ParseTwitterUtils.framework */,
				F0914A721D0D18DF00CF4340 /* ParseFacebookUtilsV4.framework */,
				F0914A731D0D18DF00CF4340 /* ParseFacebookUtils.framework */,
				F0914A741D0D18DF00CF4340 /* Parse.framework */,
				F0914A751D0D18DF00CF4340 /* Bolts.framework */,
				F04BACF01D0924DF009875FC /* PhoneNumberKit.framework */,
			);
			name = Frameworks;
			sourceTree = "<group>";
		};
		F04BACF31D092523009875FC /* Images */ = {
			isa = PBXGroup;
			children = (
				F09CFEC81D275CED00C8A0CF /* Splash */,
				F09CFEC71D275CE700C8A0CF /* Icon */,
				F0F885971D24CC8700C45C31 /* DefaultCell.png */,
				F0F885981D24CC8700C45C31 /* DefaultUser.png */,
				F07796971D262531000AD97A /* anonme.png */,
				F0F8859B1D24DE2700C45C31 /* GroupIcon.png */,
				F0F8859D1D24E00200C45C31 /* UserIcon.png */,
				F093B2281D25EEAD008DE84A /* DefaultUserLarge.png */,
			);
			name = Images;
			sourceTree = "<group>";
		};
		F09CFEC71D275CE700C8A0CF /* Icon */ = {
			isa = PBXGroup;
			children = (
				F09CFED71D275D0900C8A0CF /* Icon-App@2x.png */,
				F09CFED81D275D0900C8A0CF /* Icon-App@3x.png */,
				F09CFEDA1D275D0900C8A0CF /* Icon-Settings@2x.png */,
				F09CFEDB1D275D0900C8A0CF /* Icon-Settings@3x.png */,
				F09CFEDC1D275D0900C8A0CF /* Icon-Spotlight-iPhone-4-5.png */,
			);
			name = Icon;
			sourceTree = "<group>";
		};
		F09CFEC81D275CED00C8A0CF /* Splash */ = {
			isa = PBXGroup;
			children = (
				F09CFEC91D275CF900C8A0CF /* Default-568h@2x.png */,
				F09CFECA1D275CF900C8A0CF /* Default-667h@2x.png */,
				F09CFECB1D275CF900C8A0CF /* Default-Landscape-736h@3x.png */,
				F09CFECC1D275CF900C8A0CF /* Default-Portrait-736h@3x.png */,
				F09CFECD1D275CF900C8A0CF /* Default@2x.png */,
			);
			name = Splash;
			sourceTree = "<group>";
		};
/* End PBXGroup section */

/* Begin PBXNativeTarget section */
		F04BACD11D08F832009875FC /* Incognito */ = {
			isa = PBXNativeTarget;
			buildConfigurationList = F04BACE71D08F832009875FC /* Build configuration list for PBXNativeTarget "Incognito" */;
			buildPhases = (
				F04BACCE1D08F832009875FC /* Sources */,
				F04BACCF1D08F832009875FC /* Frameworks */,
				F04BACD01D08F832009875FC /* Resources */,
				F04BACF91D092689009875FC /* Embed Frameworks */,
			);
			buildRules = (
			);
			dependencies = (
			);
			name = Incognito;
			productName = Incognito;
			productReference = F04BACD21D08F832009875FC /* Incognito.app */;
			productType = "com.apple.product-type.application";
		};
/* End PBXNativeTarget section */

/* Begin PBXProject section */
		F04BACCA1D08F832009875FC /* Project object */ = {
			isa = PBXProject;
			attributes = {
				LastSwiftUpdateCheck = 0730;
				LastUpgradeCheck = 0730;
				ORGANIZATIONNAME = Molson;
				TargetAttributes = {
					F04BACD11D08F832009875FC = {
						CreatedOnToolsVersion = 7.3.1;
						DevelopmentTeam = TH5V2K4K28;
						SystemCapabilities = {
							com.apple.Push = {
								enabled = 1;
							};
						};
					};
				};
			};
			buildConfigurationList = F04BACCD1D08F832009875FC /* Build configuration list for PBXProject "Incognito" */;
			compatibilityVersion = "Xcode 3.2";
			developmentRegion = English;
			hasScannedForEncodings = 0;
			knownRegions = (
				en,
				Base,
			);
			mainGroup = F04BACC91D08F832009875FC;
			productRefGroup = F04BACD31D08F832009875FC /* Products */;
			projectDirPath = "";
			projectRoot = "";
			targets = (
				F04BACD11D08F832009875FC /* Incognito */,
			);
		};
/* End PBXProject section */

/* Begin PBXResourcesBuildPhase section */
		F04BACD01D08F832009875FC /* Resources */ = {
			isa = PBXResourcesBuildPhase;
			buildActionMask = 2147483647;
			files = (
				F09CFEF31D275D0900C8A0CF /* Icon-App@3x.png in Resources */,
				F09CFEC61D275C7500C8A0CF /* Images.xcassets in Resources */,
				F09CFED11D275CF900C8A0CF /* Default-Portrait-736h@3x.png in Resources */,
				F09CFECE1D275CF900C8A0CF /* Default-568h@2x.png in Resources */,
				F09CFEF51D275D0900C8A0CF /* Icon-Settings@2x.png in Resources */,
				F09CFED21D275CF900C8A0CF /* Default@2x.png in Resources */,
				F0F8859A1D24CC8700C45C31 /* DefaultUser.png in Resources */,
				F093B2291D25EEAD008DE84A /* DefaultUserLarge.png in Resources */,
				F0F8859C1D24DE2700C45C31 /* GroupIcon.png in Resources */,
				F0F8859E1D24E00200C45C31 /* UserIcon.png in Resources */,
				F09CFEF21D275D0900C8A0CF /* Icon-App@2x.png in Resources */,
				F09CFEF61D275D0900C8A0CF /* Icon-Settings@3x.png in Resources */,
				F0F885991D24CC8700C45C31 /* DefaultCell.png in Resources */,
				F09CFEF71D275D0900C8A0CF /* Icon-Spotlight-iPhone-4-5.png in Resources */,
				F07796981D262531000AD97A /* anonme.png in Resources */,
				F09CFECF1D275CF900C8A0CF /* Default-667h@2x.png in Resources */,
				F09CFED01D275CF900C8A0CF /* Default-Landscape-736h@3x.png in Resources */,
			);
			runOnlyForDeploymentPostprocessing = 0;
		};
/* End PBXResourcesBuildPhase section */

/* Begin PBXSourcesBuildPhase section */
		F04BACCE1D08F832009875FC /* Sources */ = {
			isa = PBXSourcesBuildPhase;
			buildActionMask = 2147483647;
			files = (
				F085C2171D0F99BA0015C49D /* VerificationViewController.swift in Sources */,
				F061EBE21D11183F00CC37E9 /* NewGroupViewController.swift in Sources */,
				F04BACED1D08FBF9009875FC /* LoginViewController.swift in Sources */,
				F085C2191D0FB6840015C49D /* MessagesViewController.swift in Sources */,
				F06B5E6A1D1389E10048CAFF /* AddMembersViewController.swift in Sources */,
				F04BACD61D08F832009875FC /* AppDelegate.swift in Sources */,
				F098FFB11D10D41400CCCAA3 /* MembersViewController.swift in Sources */,
				F098FFAF1D10D3EA00CCCAA3 /* GroupsViewController.swift in Sources */,
			);
			runOnlyForDeploymentPostprocessing = 0;
		};
/* End PBXSourcesBuildPhase section */

/* Begin XCBuildConfiguration section */
		F04BACE51D08F832009875FC /* Debug */ = {
			isa = XCBuildConfiguration;
			buildSettings = {
				ALWAYS_SEARCH_USER_PATHS = NO;
				CLANG_ANALYZER_NONNULL = YES;
				CLANG_CXX_LANGUAGE_STANDARD = "gnu++0x";
				CLANG_CXX_LIBRARY = "libc++";
				CLANG_ENABLE_MODULES = YES;
				CLANG_ENABLE_OBJC_ARC = YES;
				CLANG_WARN_BOOL_CONVERSION = YES;
				CLANG_WARN_CONSTANT_CONVERSION = YES;
				CLANG_WARN_DIRECT_OBJC_ISA_USAGE = YES_ERROR;
				CLANG_WARN_EMPTY_BODY = YES;
				CLANG_WARN_ENUM_CONVERSION = YES;
				CLANG_WARN_INT_CONVERSION = YES;
				CLANG_WARN_OBJC_ROOT_CLASS = YES_ERROR;
				CLANG_WARN_UNREACHABLE_CODE = YES;
				CLANG_WARN__DUPLICATE_METHOD_MATCH = YES;
				"CODE_SIGN_IDENTITY[sdk=iphoneos*]" = "iPhone Developer";
				COPY_PHASE_STRIP = NO;
				DEBUG_INFORMATION_FORMAT = dwarf;
				ENABLE_STRICT_OBJC_MSGSEND = YES;
				ENABLE_TESTABILITY = YES;
				GCC_C_LANGUAGE_STANDARD = gnu99;
				GCC_DYNAMIC_NO_PIC = NO;
				GCC_NO_COMMON_BLOCKS = YES;
				GCC_OPTIMIZATION_LEVEL = 0;
				GCC_PREPROCESSOR_DEFINITIONS = (
					"DEBUG=1",
					"$(inherited)",
				);
				GCC_WARN_64_TO_32_BIT_CONVERSION = YES;
				GCC_WARN_ABOUT_RETURN_TYPE = YES_ERROR;
				GCC_WARN_UNDECLARED_SELECTOR = YES;
				GCC_WARN_UNINITIALIZED_AUTOS = YES_AGGRESSIVE;
				GCC_WARN_UNUSED_FUNCTION = YES;
				GCC_WARN_UNUSED_VARIABLE = YES;
				IPHONEOS_DEPLOYMENT_TARGET = 9.3;
				MTL_ENABLE_DEBUG_INFO = YES;
				ONLY_ACTIVE_ARCH = YES;
				SDKROOT = iphoneos;
				SWIFT_OPTIMIZATION_LEVEL = "-Onone";
			};
			name = Debug;
		};
		F04BACE61D08F832009875FC /* Release */ = {
			isa = XCBuildConfiguration;
			buildSettings = {
				ALWAYS_SEARCH_USER_PATHS = NO;
				CLANG_ANALYZER_NONNULL = YES;
				CLANG_CXX_LANGUAGE_STANDARD = "gnu++0x";
				CLANG_CXX_LIBRARY = "libc++";
				CLANG_ENABLE_MODULES = YES;
				CLANG_ENABLE_OBJC_ARC = YES;
				CLANG_WARN_BOOL_CONVERSION = YES;
				CLANG_WARN_CONSTANT_CONVERSION = YES;
				CLANG_WARN_DIRECT_OBJC_ISA_USAGE = YES_ERROR;
				CLANG_WARN_EMPTY_BODY = YES;
				CLANG_WARN_ENUM_CONVERSION = YES;
				CLANG_WARN_INT_CONVERSION = YES;
				CLANG_WARN_OBJC_ROOT_CLASS = YES_ERROR;
				CLANG_WARN_UNREACHABLE_CODE = YES;
				CLANG_WARN__DUPLICATE_METHOD_MATCH = YES;
				"CODE_SIGN_IDENTITY[sdk=iphoneos*]" = "iPhone Developer";
				COPY_PHASE_STRIP = NO;
				DEBUG_INFORMATION_FORMAT = "dwarf-with-dsym";
				ENABLE_NS_ASSERTIONS = NO;
				ENABLE_STRICT_OBJC_MSGSEND = YES;
				GCC_C_LANGUAGE_STANDARD = gnu99;
				GCC_NO_COMMON_BLOCKS = YES;
				GCC_WARN_64_TO_32_BIT_CONVERSION = YES;
				GCC_WARN_ABOUT_RETURN_TYPE = YES_ERROR;
				GCC_WARN_UNDECLARED_SELECTOR = YES;
				GCC_WARN_UNINITIALIZED_AUTOS = YES_AGGRESSIVE;
				GCC_WARN_UNUSED_FUNCTION = YES;
				GCC_WARN_UNUSED_VARIABLE = YES;
				IPHONEOS_DEPLOYMENT_TARGET = 9.3;
				MTL_ENABLE_DEBUG_INFO = NO;
				SDKROOT = iphoneos;
				VALIDATE_PRODUCT = YES;
			};
			name = Release;
		};
		F04BACE81D08F832009875FC /* Debug */ = {
			isa = XCBuildConfiguration;
			buildSettings = {
				ASSETCATALOG_COMPILER_APPICON_NAME = AppIcon;
				ASSETCATALOG_COMPILER_LAUNCHIMAGE_NAME = "Brand Assets";
				CODE_SIGN_IDENTITY = "iPhone Developer";
				FRAMEWORK_SEARCH_PATHS = (
					"$(inherited)",
					"$(PROJECT_DIR)/Frameworks",
					"$(PROJECT_DIR)",
				);
				INFOPLIST_FILE = Incognito/Info.plist;
				LD_RUNPATH_SEARCH_PATHS = "$(inherited) @executable_path/Frameworks";
				PRODUCT_BUNDLE_IDENTIFIER = com.molson.incognito;
				PRODUCT_NAME = "$(TARGET_NAME)";
			};
			name = Debug;
		};
		F04BACE91D08F832009875FC /* Release */ = {
			isa = XCBuildConfiguration;
			buildSettings = {
				ASSETCATALOG_COMPILER_APPICON_NAME = AppIcon;
				ASSETCATALOG_COMPILER_LAUNCHIMAGE_NAME = "Brand Assets";
				CODE_SIGN_IDENTITY = "iPhone Developer";
				FRAMEWORK_SEARCH_PATHS = (
					"$(inherited)",
					"$(PROJECT_DIR)/Frameworks",
					"$(PROJECT_DIR)",
				);
				INFOPLIST_FILE = Incognito/Info.plist;
				LD_RUNPATH_SEARCH_PATHS = "$(inherited) @executable_path/Frameworks";
				PRODUCT_BUNDLE_IDENTIFIER = com.molson.incognito;
				PRODUCT_NAME = "$(TARGET_NAME)";
			};
			name = Release;
		};
/* End XCBuildConfiguration section */

/* Begin XCConfigurationList section */
		F04BACCD1D08F832009875FC /* Build configuration list for PBXProject "Incognito" */ = {
			isa = XCConfigurationList;
			buildConfigurations = (
				F04BACE51D08F832009875FC /* Debug */,
				F04BACE61D08F832009875FC /* Release */,
			);
			defaultConfigurationIsVisible = 0;
			defaultConfigurationName = Release;
		};
		F04BACE71D08F832009875FC /* Build configuration list for PBXNativeTarget "Incognito" */ = {
			isa = XCConfigurationList;
			buildConfigurations = (
				F04BACE81D08F832009875FC /* Debug */,
				F04BACE91D08F832009875FC /* Release */,
			);
			defaultConfigurationIsVisible = 0;
			defaultConfigurationName = Release;
		};
/* End XCConfigurationList section */
	};
	rootObject = F04BACCA1D08F832009875FC /* Project object */;
}
